
Microsoft Visual Studio Solution File, Format Version 12.00
# Visual Studio Version 17
VisualStudioVersion = 17.2.32630.192
MinimumVisualStudioVersion = 10.0.40219.1
Project("{FAE04EC0-301F-11D3-BF4B-00C04F79EFBC}") = "Generics_Ex1", "Generics_Ex1\Generics_Ex1.csproj", "{49A8A706-5E1A-411B-8A8C-0813A77CE5F7}"
EndProject
Global
	GlobalSection(SolutionConfigurationPlatforms) = preSolution
		Debug|Any CPU = Debug|Any CPU
		Release|Any CPU = Release|Any CPU
	EndGlobalSection
	GlobalSection(ProjectConfigurationPlatforms) = postSolution
		{49A8A706-5E1A-411B-8A8C-0813A77CE5F7}.Debug|Any CPU.ActiveCfg = Debug|Any CPU
		{49A8A706-5E1A-411B-8A8C-0813A77CE5F7}.Debug|Any CPU.Build.0 = Debug|Any CPU
		{49A8A706-5E1A-411B-8A8C-0813A77CE5F7}.Release|Any CPU.ActiveCfg = Release|Any CPU
		{49A8A706-5E1A-411B-8A8C-0813A77CE5F7}.Release|Any CPU.Build.0 = Release|Any CPU
	EndGlobalSection
	GlobalSection(SolutionProperties) = preSolution
		HideSolutionNode = FALSE
	EndGlobalSection
	GlobalSection(ExtensibilityGlobals) = postSolution
		SolutionGuid = {AF549E61-B364-48F2-88F1-95DF09E98AC8}
	EndGlobalSection
EndGlobal
